
Microsoft Visual Studio Solution File, Format Version 12.00
# Visual Studio Version 16
VisualStudioVersion = 16.0.29025.244
MinimumVisualStudioVersion = 10.0.40219.1
Project("{FAE04EC0-301F-11D3-BF4B-00C04F79EFBC}") = "Day3", "Day3\Day3.csproj", "{C17B3AD8-84CF-4C89-8501-13A37270D34B}"
EndProject
Project("{00D1A9C2-B5F0-4AF3-8072-F6C62B433612}") = "Day3SQL", "Day3SQL\Day3SQL.sqlproj", "{63478A68-6052-4705-BC66-EF98714C51AE}"
EndProject
Global
	GlobalSection(SolutionConfigurationPlatforms) = preSolution
		Debug|Any CPU = Debug|Any CPU
		Release|Any CPU = Release|Any CPU
	EndGlobalSection
	GlobalSection(ProjectConfigurationPlatforms) = postSolution
		{C17B3AD8-84CF-4C89-8501-13A37270D34B}.Debug|Any CPU.ActiveCfg = Debug|Any CPU
		{C17B3AD8-84CF-4C89-8501-13A37270D34B}.Debug|Any CPU.Build.0 = Debug|Any CPU
		{C17B3AD8-84CF-4C89-8501-13A37270D34B}.Release|Any CPU.ActiveCfg = Release|Any CPU
		{C17B3AD8-84CF-4C89-8501-13A37270D34B}.Release|Any CPU.Build.0 = Release|Any CPU
		{63478A68-6052-4705-BC66-EF98714C51AE}.Debug|Any CPU.ActiveCfg = Debug|Any CPU
		{63478A68-6052-4705-BC66-EF98714C51AE}.Debug|Any CPU.Build.0 = Debug|Any CPU
		{63478A68-6052-4705-BC66-EF98714C51AE}.Debug|Any CPU.Deploy.0 = Debug|Any CPU
		{63478A68-6052-4705-BC66-EF98714C51AE}.Release|Any CPU.ActiveCfg = Release|Any CPU
		{63478A68-6052-4705-BC66-EF98714C51AE}.Release|Any CPU.Build.0 = Release|Any CPU
		{63478A68-6052-4705-BC66-EF98714C51AE}.Release|Any CPU.Deploy.0 = Release|Any CPU
	EndGlobalSection
	GlobalSection(SolutionProperties) = preSolution
		HideSolutionNode = FALSE
	EndGlobalSection
	GlobalSection(ExtensibilityGlobals) = postSolution
		SolutionGuid = {1CA98953-F81C-4804-8C85-B8B25D464FF1}
	EndGlobalSection
EndGlobal
